github.com/cenkalti/backoff/v4 v4.1.3 h1:cFAlzYUlVYDysBEH2T5hyJZMh3+5+WCBvSnK6Q8UtC4=
github.com/cenkalti/backoff/v4 v4.1.3/go.mod h1:scbssz8iZGpm3xbr14ovlUdkxfGXNInqkPWOWmG2CLw=
github.com/tencentcloud/tencentcloud-sdk-go-intl-en v3.0.1098+incompatible h1:0GjvhaLmjoIGbtxoEkXxun+y7e0Cz6FIxyVfMRz+F/w=
github.com/tencentcloud/tencentcloud-sdk-go-intl-en v3.0.1098+incompatible/go.mod h1:72Wo6Gt6F8d8V+njrAmduVoT9QjPwCyXktpqCWr7PUc=
gopkg.in/check.v1 v0.0.0-20161208181325-20d25e280405 h1:yhCVgyC4o1eVCa2tZl7eS0r+SDo693bJlVdllGtEeKM=
gopkg.in/check.v1 v0.0.0-20161208181325-20d25e280405/go.mod h1:Co6ibVJAznAaIkqp8huTwlJQCZ016jof/cbN4VW5Yz0=
gopkg.in/yaml.v2 v2.4.0 h1:D8xgwECY7CYvx+Y2n4sBz93Jn9JRvxdiyyo8CTfuKaY=
gopkg.in/yaml.v2 v2.4.0/go.mod h1:RDklbk79AGWmwhnvt/jBztapEOGDOx6ZbXqjP6csGnQ=
